
Microsoft Visual Studio Solution File, Format Version 12.00
# Visual Studio 14
VisualStudioVersion = 14.0.25420.1
MinimumVisualStudioVersion = 10.0.40219.1
Project("{FAE04EC0-301F-11D3-BF4B-00C04F79EFBC}") = "Problem1", "Problem1\Problem1.csproj", "{592ACBC8-F130-4E8D-B650-29DE47335B93}"
EndProject
Project("{FAE04EC0-301F-11D3-BF4B-00C04F79EFBC}") = "Problem2", "Problem2\Problem2.csproj", "{87A66A4C-683B-43F6-A273-2E4CA75CB232}"
EndProject
Project("{FAE04EC0-301F-11D3-BF4B-00C04F79EFBC}") = "Problem3", "Problem3\Problem3.csproj", "{8B9FE329-7465-4B77-BA10-58E8F3FA8CF3}"
EndProject
Project("{FAE04EC0-301F-11D3-BF4B-00C04F79EFBC}") = "Problem4", "Problem4\Problem4.csproj", "{58DFE799-562E-4E8D-AD24-F6B15D080488}"
EndProject
Project("{FAE04EC0-301F-11D3-BF4B-00C04F79EFBC}") = "Problem5", "Problem5\Problem5.csproj", "{5A09DCA5-7AEE-493D-87E6-AB5E6233011C}"
EndProject
Project("{FAE04EC0-301F-11D3-BF4B-00C04F79EFBC}") = "Problem6", "Problem6\Problem6.csproj", "{38DA3439-5B26-461B-AB35-D5AEB7A11572}"
EndProject
Project("{FAE04EC0-301F-11D3-BF4B-00C04F79EFBC}") = "Problem7", "Problem7\Problem7.csproj", "{68A13C1A-A436-4480-B1EC-4D4B81398267}"
EndProject
Project("{FAE04EC0-301F-11D3-BF4B-00C04F79EFBC}") = "Problem8", "Problem8\Problem8.csproj", "{88EF97C4-5690-4844-BFC1-B6264D5E9319}"
EndProject
Project("{FAE04EC0-301F-11D3-BF4B-00C04F79EFBC}") = "Problem9", "Problem9\Problem9.csproj", "{37CC34B8-2498-48BD-9058-186572621AD8}"
EndProject
Project("{FAE04EC0-301F-11D3-BF4B-00C04F79EFBC}") = "Problem10", "Problem10\Problem10.csproj", "{4EFF458A-69EE-45FF-98C0-91B0B75572CE}"
EndProject
Project("{FAE04EC0-301F-11D3-BF4B-00C04F79EFBC}") = "Problem11", "Problem11\Problem11.csproj", "{DB24466A-725D-438D-8147-D880C854F454}"
EndProject
Project("{FAE04EC0-301F-11D3-BF4B-00C04F79EFBC}") = "Problem12", "Problem12\Problem12.csproj", "{95153A4B-BB77-4F2A-8427-8DEA6D64B34E}"
EndProject
Project("{FAE04EC0-301F-11D3-BF4B-00C04F79EFBC}") = "Problem13", "Problem13\Problem13.csproj", "{866A9BF4-839D-4A4D-ADB2-6C9DF13DAD0D}"
EndProject
Project("{FAE04EC0-301F-11D3-BF4B-00C04F79EFBC}") = "Problem14", "Problem14\Problem14.csproj", "{A1BA00A5-4935-4C36-AA1A-6ED747B184CF}"
EndProject
Project("{FAE04EC0-301F-11D3-BF4B-00C04F79EFBC}") = "problem15", "problem15\problem15.csproj", "{12AF72FE-C5DE-4653-B588-E42C17891A66}"
EndProject
Project("{FAE04EC0-301F-11D3-BF4B-00C04F79EFBC}") = "Problem16", "Problem16\Problem16.csproj", "{BA96C06A-F025-44D4-BED5-3702B9C2C285}"
EndProject
Project("{FAE04EC0-301F-11D3-BF4B-00C04F79EFBC}") = "Problem17", "Problem17\Problem17.csproj", "{467B34F8-C450-4A01-BC57-62AA760D2629}"
EndProject
Project("{FAE04EC0-301F-11D3-BF4B-00C04F79EFBC}") = "Problem17_2", "Problem17_2\Problem17_2.csproj", "{8555FAAB-EAE2-48D6-AC8A-576127AA252F}"
EndProject
Project("{FAE04EC0-301F-11D3-BF4B-00C04F79EFBC}") = "Problem18", "Problem18\Problem18.csproj", "{EDF90F15-E8DF-460E-8594-29282B6A749D}"
EndProject
Project("{FAE04EC0-301F-11D3-BF4B-00C04F79EFBC}") = "Problem19", "Problem19\Problem19.csproj", "{3CF7F3D4-E43B-4D5D-BA00-D12E7514AAAB}"
EndProject
Project("{FAE04EC0-301F-11D3-BF4B-00C04F79EFBC}") = "Problem20", "Problem20\Problem20.csproj", "{390B4ACF-689F-4938-A165-AB085D262BD2}"
EndProject
Project("{FAE04EC0-301F-11D3-BF4B-00C04F79EFBC}") = "Problem21", "Problem21\Problem21.csproj", "{3D7ACB38-34FA-4020-BD8D-7633FD45077C}"
EndProject
Project("{FAE04EC0-301F-11D3-BF4B-00C04F79EFBC}") = "Problem22", "Problem22\Problem22.csproj", "{ED893D4C-7ED9-4764-9D37-B2A483C116F5}"
EndProject
Project("{FAE04EC0-301F-11D3-BF4B-00C04F79EFBC}") = "Problem23", "Problem23\Problem23.csproj", "{86D974D5-356F-4294-BC6D-62B0FC961F2E}"
EndProject
Project("{FAE04EC0-301F-11D3-BF4B-00C04F79EFBC}") = "Problem501", "Problem501\Problem501.csproj", "{580D0BE7-F1B9-4B27-8108-26A55F7E8B31}"
EndProject
Project("{FAE04EC0-301F-11D3-BF4B-00C04F79EFBC}") = "Problem24", "Problem24\Problem24.csproj", "{FC8E4C46-A7C0-43A1-A76A-C3BED649C0B3}"
EndProject
Project("{FAE04EC0-301F-11D3-BF4B-00C04F79EFBC}") = "Problem25", "Problem25\Problem25.csproj", "{1BC78C62-4DD9-4C6A-AF7C-9B0D786F1062}"
EndProject
Project("{FAE04EC0-301F-11D3-BF4B-00C04F79EFBC}") = "Problem26", "Problem26\Problem26.csproj", "{DB83319E-9879-40D2-BCEC-A207767FD7F0}"
EndProject
Project("{FAE04EC0-301F-11D3-BF4B-00C04F79EFBC}") = "Problem27", "Problem27\Problem27.csproj", "{9DDACC87-E5A6-4EDA-A54B-D54ACFBC477C}"
EndProject
Project("{FAE04EC0-301F-11D3-BF4B-00C04F79EFBC}") = "Problem28", "Problem28\Problem28.csproj", "{EEFF9CF2-E8A3-4202-9CD2-147C112CF187}"
EndProject
Project("{FAE04EC0-301F-11D3-BF4B-00C04F79EFBC}") = "Problem29", "Problem29\Problem29.csproj", "{18F2DD2A-506D-4FCF-95A7-C5C0391B95AC}"
EndProject
Project("{FAE04EC0-301F-11D3-BF4B-00C04F79EFBC}") = "Problem30", "Problem30\Problem30.csproj", "{4F88E49C-6CFC-404B-952C-000ECB8AC84B}"
EndProject
Project("{FAE04EC0-301F-11D3-BF4B-00C04F79EFBC}") = "Problem31", "Problem31\Problem31.csproj", "{6D950BB4-5CA2-443A-AD63-31ED49B5B4A4}"
EndProject
Project("{FAE04EC0-301F-11D3-BF4B-00C04F79EFBC}") = "Problem32", "Problem32\Problem32.csproj", "{D17F6443-0A96-4F14-98AA-A5965A818F17}"
EndProject
Project("{FAE04EC0-301F-11D3-BF4B-00C04F79EFBC}") = "Problem33", "Problem33\Problem33.csproj", "{138A78AC-1E6F-4493-A550-421FFC0986F7}"
EndProject
Global
	GlobalSection(SolutionConfigurationPlatforms) = preSolution
		Debug|Any CPU = Debug|Any CPU
		Release|Any CPU = Release|Any CPU
	EndGlobalSection
	GlobalSection(ProjectConfigurationPlatforms) = postSolution
		{592ACBC8-F130-4E8D-B650-29DE47335B93}.Debug|Any CPU.ActiveCfg = Debug|Any CPU
		{592ACBC8-F130-4E8D-B650-29DE47335B93}.Debug|Any CPU.Build.0 = Debug|Any CPU
		{592ACBC8-F130-4E8D-B650-29DE47335B93}.Release|Any CPU.ActiveCfg = Release|Any CPU
		{592ACBC8-F130-4E8D-B650-29DE47335B93}.Release|Any CPU.Build.0 = Release|Any CPU
		{87A66A4C-683B-43F6-A273-2E4CA75CB232}.Debug|Any CPU.ActiveCfg = Debug|Any CPU
		{87A66A4C-683B-43F6-A273-2E4CA75CB232}.Debug|Any CPU.Build.0 = Debug|Any CPU
		{87A66A4C-683B-43F6-A273-2E4CA75CB232}.Release|Any CPU.ActiveCfg = Release|Any CPU
		{87A66A4C-683B-43F6-A273-2E4CA75CB232}.Release|Any CPU.Build.0 = Release|Any CPU
		{8B9FE329-7465-4B77-BA10-58E8F3FA8CF3}.Debug|Any CPU.ActiveCfg = Debug|Any CPU
		{8B9FE329-7465-4B77-BA10-58E8F3FA8CF3}.Debug|Any CPU.Build.0 = Debug|Any CPU
		{8B9FE329-7465-4B77-BA10-58E8F3FA8CF3}.Release|Any CPU.ActiveCfg = Release|Any CPU
		{8B9FE329-7465-4B77-BA10-58E8F3FA8CF3}.Release|Any CPU.Build.0 = Release|Any CPU
		{58DFE799-562E-4E8D-AD24-F6B15D080488}.Debug|Any CPU.ActiveCfg = Debug|Any CPU
		{58DFE799-562E-4E8D-AD24-F6B15D080488}.Debug|Any CPU.Build.0 = Debug|Any CPU
		{58DFE799-562E-4E8D-AD24-F6B15D080488}.Release|Any CPU.ActiveCfg = Release|Any CPU
		{58DFE799-562E-4E8D-AD24-F6B15D080488}.Release|Any CPU.Build.0 = Release|Any CPU
		{5A09DCA5-7AEE-493D-87E6-AB5E6233011C}.Debug|Any CPU.ActiveCfg = Debug|Any CPU
		{5A09DCA5-7AEE-493D-87E6-AB5E6233011C}.Debug|Any CPU.Build.0 = Debug|Any CPU
		{5A09DCA5-7AEE-493D-87E6-AB5E6233011C}.Release|Any CPU.ActiveCfg = Release|Any CPU
		{5A09DCA5-7AEE-493D-87E6-AB5E6233011C}.Release|Any CPU.Build.0 = Release|Any CPU
		{38DA3439-5B26-461B-AB35-D5AEB7A11572}.Debug|Any CPU.ActiveCfg = Debug|Any CPU
		{38DA3439-5B26-461B-AB35-D5AEB7A11572}.Debug|Any CPU.Build.0 = Debug|Any CPU
		{38DA3439-5B26-461B-AB35-D5AEB7A11572}.Release|Any CPU.ActiveCfg = Release|Any CPU
		{38DA3439-5B26-461B-AB35-D5AEB7A11572}.Release|Any CPU.Build.0 = Release|Any CPU
		{68A13C1A-A436-4480-B1EC-4D4B81398267}.Debug|Any CPU.ActiveCfg = Debug|Any CPU
		{68A13C1A-A436-4480-B1EC-4D4B81398267}.Debug|Any CPU.Build.0 = Debug|Any CPU
		{68A13C1A-A436-4480-B1EC-4D4B81398267}.Release|Any CPU.ActiveCfg = Release|Any CPU
		{68A13C1A-A436-4480-B1EC-4D4B81398267}.Release|Any CPU.Build.0 = Release|Any CPU
		{88EF97C4-5690-4844-BFC1-B6264D5E9319}.Debug|Any CPU.ActiveCfg = Debug|Any CPU
		{88EF97C4-5690-4844-BFC1-B6264D5E9319}.Debug|Any CPU.Build.0 = Debug|Any CPU
		{88EF97C4-5690-4844-BFC1-B6264D5E9319}.Release|Any CPU.ActiveCfg = Release|Any CPU
		{88EF97C4-5690-4844-BFC1-B6264D5E9319}.Release|Any CPU.Build.0 = Release|Any CPU
		{37CC34B8-2498-48BD-9058-186572621AD8}.Debug|Any CPU.ActiveCfg = Debug|Any CPU
		{37CC34B8-2498-48BD-9058-186572621AD8}.Debug|Any CPU.Build.0 = Debug|Any CPU
		{37CC34B8-2498-48BD-9058-186572621AD8}.Release|Any CPU.ActiveCfg = Release|Any CPU
		{37CC34B8-2498-48BD-9058-186572621AD8}.Release|Any CPU.Build.0 = Release|Any CPU
		{4EFF458A-69EE-45FF-98C0-91B0B75572CE}.Debug|Any CPU.ActiveCfg = Debug|Any CPU
		{4EFF458A-69EE-45FF-98C0-91B0B75572CE}.Debug|Any CPU.Build.0 = Debug|Any CPU
		{4EFF458A-69EE-45FF-98C0-91B0B75572CE}.Release|Any CPU.ActiveCfg = Release|Any CPU
		{4EFF458A-69EE-45FF-98C0-91B0B75572CE}.Release|Any CPU.Build.0 = Release|Any CPU
		{DB24466A-725D-438D-8147-D880C854F454}.Debug|Any CPU.ActiveCfg = Debug|Any CPU
		{DB24466A-725D-438D-8147-D880C854F454}.Debug|Any CPU.Build.0 = Debug|Any CPU
		{DB24466A-725D-438D-8147-D880C854F454}.Release|Any CPU.ActiveCfg = Release|Any CPU
		{DB24466A-725D-438D-8147-D880C854F454}.Release|Any CPU.Build.0 = Release|Any CPU
		{95153A4B-BB77-4F2A-8427-8DEA6D64B34E}.Debug|Any CPU.ActiveCfg = Debug|Any CPU
		{95153A4B-BB77-4F2A-8427-8DEA6D64B34E}.Debug|Any CPU.Build.0 = Debug|Any CPU
		{95153A4B-BB77-4F2A-8427-8DEA6D64B34E}.Release|Any CPU.ActiveCfg = Release|Any CPU
		{95153A4B-BB77-4F2A-8427-8DEA6D64B34E}.Release|Any CPU.Build.0 = Release|Any CPU
		{866A9BF4-839D-4A4D-ADB2-6C9DF13DAD0D}.Debug|Any CPU.ActiveCfg = Debug|Any CPU
		{866A9BF4-839D-4A4D-ADB2-6C9DF13DAD0D}.Debug|Any CPU.Build.0 = Debug|Any CPU
		{866A9BF4-839D-4A4D-ADB2-6C9DF13DAD0D}.Release|Any CPU.ActiveCfg = Release|Any CPU
		{866A9BF4-839D-4A4D-ADB2-6C9DF13DAD0D}.Release|Any CPU.Build.0 = Release|Any CPU
		{A1BA00A5-4935-4C36-AA1A-6ED747B184CF}.Debug|Any CPU.ActiveCfg = Debug|Any CPU
		{A1BA00A5-4935-4C36-AA1A-6ED747B184CF}.Debug|Any CPU.Build.0 = Debug|Any CPU
		{A1BA00A5-4935-4C36-AA1A-6ED747B184CF}.Release|Any CPU.ActiveCfg = Release|Any CPU
		{A1BA00A5-4935-4C36-AA1A-6ED747B184CF}.Release|Any CPU.Build.0 = Release|Any CPU
		{12AF72FE-C5DE-4653-B588-E42C17891A66}.Debug|Any CPU.ActiveCfg = Debug|Any CPU
		{12AF72FE-C5DE-4653-B588-E42C17891A66}.Debug|Any CPU.Build.0 = Debug|Any CPU
		{12AF72FE-C5DE-4653-B588-E42C17891A66}.Release|Any CPU.ActiveCfg = Release|Any CPU
		{12AF72FE-C5DE-4653-B588-E42C17891A66}.Release|Any CPU.Build.0 = Release|Any CPU
		{BA96C06A-F025-44D4-BED5-3702B9C2C285}.Debug|Any CPU.ActiveCfg = Debug|Any CPU
		{BA96C06A-F025-44D4-BED5-3702B9C2C285}.Debug|Any CPU.Build.0 = Debug|Any CPU
		{BA96C06A-F025-44D4-BED5-3702B9C2C285}.Release|Any CPU.ActiveCfg = Release|Any CPU
		{BA96C06A-F025-44D4-BED5-3702B9C2C285}.Release|Any CPU.Build.0 = Release|Any CPU
		{467B34F8-C450-4A01-BC57-62AA760D2629}.Debug|Any CPU.ActiveCfg = Debug|Any CPU
		{467B34F8-C450-4A01-BC57-62AA760D2629}.Debug|Any CPU.Build.0 = Debug|Any CPU
		{467B34F8-C450-4A01-BC57-62AA760D2629}.Release|Any CPU.ActiveCfg = Release|Any CPU
		{467B34F8-C450-4A01-BC57-62AA760D2629}.Release|Any CPU.Build.0 = Release|Any CPU
		{8555FAAB-EAE2-48D6-AC8A-576127AA252F}.Debug|Any CPU.ActiveCfg = Debug|Any CPU
		{8555FAAB-EAE2-48D6-AC8A-576127AA252F}.Debug|Any CPU.Build.0 = Debug|Any CPU
		{8555FAAB-EAE2-48D6-AC8A-576127AA252F}.Release|Any CPU.ActiveCfg = Release|Any CPU
		{8555FAAB-EAE2-48D6-AC8A-576127AA252F}.Release|Any CPU.Build.0 = Release|Any CPU
		{EDF90F15-E8DF-460E-8594-29282B6A749D}.Debug|Any CPU.ActiveCfg = Debug|Any CPU
		{EDF90F15-E8DF-460E-8594-29282B6A749D}.Debug|Any CPU.Build.0 = Debug|Any CPU
		{EDF90F15-E8DF-460E-8594-29282B6A749D}.Release|Any CPU.ActiveCfg = Release|Any CPU
		{EDF90F15-E8DF-460E-8594-29282B6A749D}.Release|Any CPU.Build.0 = Release|Any CPU
		{3CF7F3D4-E43B-4D5D-BA00-D12E7514AAAB}.Debug|Any CPU.ActiveCfg = Debug|Any CPU
		{3CF7F3D4-E43B-4D5D-BA00-D12E7514AAAB}.Debug|Any CPU.Build.0 = Debug|Any CPU
		{3CF7F3D4-E43B-4D5D-BA00-D12E7514AAAB}.Release|Any CPU.ActiveCfg = Release|Any CPU
		{3CF7F3D4-E43B-4D5D-BA00-D12E7514AAAB}.Release|Any CPU.Build.0 = Release|Any CPU
		{390B4ACF-689F-4938-A165-AB085D262BD2}.Debug|Any CPU.ActiveCfg = Debug|Any CPU
		{390B4ACF-689F-4938-A165-AB085D262BD2}.Debug|Any CPU.Build.0 = Debug|Any CPU
		{390B4ACF-689F-4938-A165-AB085D262BD2}.Release|Any CPU.ActiveCfg = Release|Any CPU
		{390B4ACF-689F-4938-A165-AB085D262BD2}.Release|Any CPU.Build.0 = Release|Any CPU
		{3D7ACB38-34FA-4020-BD8D-7633FD45077C}.Debug|Any CPU.ActiveCfg = Debug|Any CPU
		{3D7ACB38-34FA-4020-BD8D-7633FD45077C}.Debug|Any CPU.Build.0 = Debug|Any CPU
		{3D7ACB38-34FA-4020-BD8D-7633FD45077C}.Release|Any CPU.ActiveCfg = Release|Any CPU
		{3D7ACB38-34FA-4020-BD8D-7633FD45077C}.Release|Any CPU.Build.0 = Release|Any CPU
		{ED893D4C-7ED9-4764-9D37-B2A483C116F5}.Debug|Any CPU.ActiveCfg = Debug|Any CPU
		{ED893D4C-7ED9-4764-9D37-B2A483C116F5}.Debug|Any CPU.Build.0 = Debug|Any CPU
		{ED893D4C-7ED9-4764-9D37-B2A483C116F5}.Release|Any CPU.ActiveCfg = Release|Any CPU
		{ED893D4C-7ED9-4764-9D37-B2A483C116F5}.Release|Any CPU.Build.0 = Release|Any CPU
		{86D974D5-356F-4294-BC6D-62B0FC961F2E}.Debug|Any CPU.ActiveCfg = Debug|Any CPU
		{86D974D5-356F-4294-BC6D-62B0FC961F2E}.Debug|Any CPU.Build.0 = Debug|Any CPU
		{86D974D5-356F-4294-BC6D-62B0FC961F2E}.Release|Any CPU.ActiveCfg = Release|Any CPU
		{86D974D5-356F-4294-BC6D-62B0FC961F2E}.Release|Any CPU.Build.0 = Release|Any CPU
		{580D0BE7-F1B9-4B27-8108-26A55F7E8B31}.Debug|Any CPU.ActiveCfg = Debug|Any CPU
		{580D0BE7-F1B9-4B27-8108-26A55F7E8B31}.Debug|Any CPU.Build.0 = Debug|Any CPU
		{580D0BE7-F1B9-4B27-8108-26A55F7E8B31}.Release|Any CPU.ActiveCfg = Release|Any CPU
		{580D0BE7-F1B9-4B27-8108-26A55F7E8B31}.Release|Any CPU.Build.0 = Release|Any CPU
		{FC8E4C46-A7C0-43A1-A76A-C3BED649C0B3}.Debug|Any CPU.ActiveCfg = Debug|Any CPU
		{FC8E4C46-A7C0-43A1-A76A-C3BED649C0B3}.Debug|Any CPU.Build.0 = Debug|Any CPU
		{FC8E4C46-A7C0-43A1-A76A-C3BED649C0B3}.Release|Any CPU.ActiveCfg = Release|Any CPU
		{FC8E4C46-A7C0-43A1-A76A-C3BED649C0B3}.Release|Any CPU.Build.0 = Release|Any CPU
		{1BC78C62-4DD9-4C6A-AF7C-9B0D786F1062}.Debug|Any CPU.ActiveCfg = Debug|Any CPU
		{1BC78C62-4DD9-4C6A-AF7C-9B0D786F1062}.Debug|Any CPU.Build.0 = Debug|Any CPU
		{1BC78C62-4DD9-4C6A-AF7C-9B0D786F1062}.Release|Any CPU.ActiveCfg = Release|Any CPU
		{1BC78C62-4DD9-4C6A-AF7C-9B0D786F1062}.Release|Any CPU.Build.0 = Release|Any CPU
		{DB83319E-9879-40D2-BCEC-A207767FD7F0}.Debug|Any CPU.ActiveCfg = Debug|Any CPU
		{DB83319E-9879-40D2-BCEC-A207767FD7F0}.Debug|Any CPU.Build.0 = Debug|Any CPU
		{DB83319E-9879-40D2-BCEC-A207767FD7F0}.Release|Any CPU.ActiveCfg = Release|Any CPU
		{DB83319E-9879-40D2-BCEC-A207767FD7F0}.Release|Any CPU.Build.0 = Release|Any CPU
		{9DDACC87-E5A6-4EDA-A54B-D54ACFBC477C}.Debug|Any CPU.ActiveCfg = Debug|Any CPU
		{9DDACC87-E5A6-4EDA-A54B-D54ACFBC477C}.Debug|Any CPU.Build.0 = Debug|Any CPU
		{9DDACC87-E5A6-4EDA-A54B-D54ACFBC477C}.Release|Any CPU.ActiveCfg = Release|Any CPU
		{9DDACC87-E5A6-4EDA-A54B-D54ACFBC477C}.Release|Any CPU.Build.0 = Release|Any CPU
		{EEFF9CF2-E8A3-4202-9CD2-147C112CF187}.Debug|Any CPU.ActiveCfg = Debug|Any CPU
		{EEFF9CF2-E8A3-4202-9CD2-147C112CF187}.Debug|Any CPU.Build.0 = Debug|Any CPU
		{EEFF9CF2-E8A3-4202-9CD2-147C112CF187}.Release|Any CPU.ActiveCfg = Release|Any CPU
		{EEFF9CF2-E8A3-4202-9CD2-147C112CF187}.Release|Any CPU.Build.0 = Release|Any CPU
		{18F2DD2A-506D-4FCF-95A7-C5C0391B95AC}.Debug|Any CPU.ActiveCfg = Debug|Any CPU
		{18F2DD2A-506D-4FCF-95A7-C5C0391B95AC}.Debug|Any CPU.Build.0 = Debug|Any CPU
		{18F2DD2A-506D-4FCF-95A7-C5C0391B95AC}.Release|Any CPU.ActiveCfg = Release|Any CPU
		{18F2DD2A-506D-4FCF-95A7-C5C0391B95AC}.Release|Any CPU.Build.0 = Release|Any CPU
		{4F88E49C-6CFC-404B-952C-000ECB8AC84B}.Debug|Any CPU.ActiveCfg = Debug|Any CPU
		{4F88E49C-6CFC-404B-952C-000ECB8AC84B}.Debug|Any CPU.Build.0 = Debug|Any CPU
		{4F88E49C-6CFC-404B-952C-000ECB8AC84B}.Release|Any CPU.ActiveCfg = Release|Any CPU
		{4F88E49C-6CFC-404B-952C-000ECB8AC84B}.Release|Any CPU.Build.0 = Release|Any CPU
		{6D950BB4-5CA2-443A-AD63-31ED49B5B4A4}.Debug|Any CPU.ActiveCfg = Debug|Any CPU
		{6D950BB4-5CA2-443A-AD63-31ED49B5B4A4}.Debug|Any CPU.Build.0 = Debug|Any CPU
		{6D950BB4-5CA2-443A-AD63-31ED49B5B4A4}.Release|Any CPU.ActiveCfg = Release|Any CPU
		{6D950BB4-5CA2-443A-AD63-31ED49B5B4A4}.Release|Any CPU.Build.0 = Release|Any CPU
		{D17F6443-0A96-4F14-98AA-A5965A818F17}.Debug|Any CPU.ActiveCfg = Debug|Any CPU
		{D17F6443-0A96-4F14-98AA-A5965A818F17}.Debug|Any CPU.Build.0 = Debug|Any CPU
		{D17F6443-0A96-4F14-98AA-A5965A818F17}.Release|Any CPU.ActiveCfg = Release|Any CPU
		{D17F6443-0A96-4F14-98AA-A5965A818F17}.Release|Any CPU.Build.0 = Release|Any CPU
		{138A78AC-1E6F-4493-A550-421FFC0986F7}.Debug|Any CPU.ActiveCfg = Debug|Any CPU
		{138A78AC-1E6F-4493-A550-421FFC0986F7}.Debug|Any CPU.Build.0 = Debug|Any CPU
		{138A78AC-1E6F-4493-A550-421FFC0986F7}.Release|Any CPU.ActiveCfg = Release|Any CPU
		{138A78AC-1E6F-4493-A550-421FFC0986F7}.Release|Any CPU.Build.0 = Release|Any CPU
	EndGlobalSection
	GlobalSection(SolutionProperties) = preSolution
		HideSolutionNode = FALSE
	EndGlobalSection
EndGlobal
